
Microsoft Visual Studio Solution File, Format Version 12.00
# Visual Studio Version 17
VisualStudioVersion = 17.3.32901.215
MinimumVisualStudioVersion = 10.0.40219.1
Project("{9A19103F-16F7-4668-BE54-9A1E7A4F7556}") = "ConsoleExchange", "ConsoleExchange\ConsoleExchange.csproj", "{85C513B9-5E2F-4ECC-A151-2DE32CDAC444}"
EndProject
Project("{9A19103F-16F7-4668-BE54-9A1E7A4F7556}") = "ExchangeRates", "ExchangeRates\ExchangeRates.csproj", "{E97CC788-ABAC-4DF1-BD95-708E750D8A09}"
EndProject
Global
	GlobalSection(SolutionConfigurationPlatforms) = preSolution
		Debug|Any CPU = Debug|Any CPU
		Release|Any CPU = Release|Any CPU
	EndGlobalSection
	GlobalSection(ProjectConfigurationPlatforms) = postSolution
		{85C513B9-5E2F-4ECC-A151-2DE32CDAC444}.Debug|Any CPU.ActiveCfg = Debug|Any CPU
		{85C513B9-5E2F-4ECC-A151-2DE32CDAC444}.Debug|Any CPU.Build.0 = Debug|Any CPU
		{85C513B9-5E2F-4ECC-A151-2DE32CDAC444}.Release|Any CPU.ActiveCfg = Release|Any CPU
		{85C513B9-5E2F-4ECC-A151-2DE32CDAC444}.Release|Any CPU.Build.0 = Release|Any CPU
		{E97CC788-ABAC-4DF1-BD95-708E750D8A09}.Debug|Any CPU.ActiveCfg = Debug|Any CPU
		{E97CC788-ABAC-4DF1-BD95-708E750D8A09}.Debug|Any CPU.Build.0 = Debug|Any CPU
		{E97CC788-ABAC-4DF1-BD95-708E750D8A09}.Release|Any CPU.ActiveCfg = Release|Any CPU
		{E97CC788-ABAC-4DF1-BD95-708E750D8A09}.Release|Any CPU.Build.0 = Release|Any CPU
	EndGlobalSection
	GlobalSection(SolutionProperties) = preSolution
		HideSolutionNode = FALSE
	EndGlobalSection
	GlobalSection(ExtensibilityGlobals) = postSolution
		SolutionGuid = {77BDCC9C-7145-4AE0-AF57-F132B79A529A}
	EndGlobalSection
EndGlobal
